
Microsoft Visual Studio Solution File, Format Version 12.00
# Visual Studio 2013
VisualStudioVersion = 12.0.40629.0
MinimumVisualStudioVersion = 10.0.40219.1
Project("{FAE04EC0-301F-11D3-BF4B-00C04F79EFBC}") = "CasterFlash", "CasterFlash\CasterFlash.csproj", "{C2E8A7EE-49CB-4704-88C2-ABC77CB5D191}"
EndProject
Project("{FAE04EC0-301F-11D3-BF4B-00C04F79EFBC}") = "CasterFlashGUI", "CasterFlashGUI\CasterFlashGUI.csproj", "{360CCDAF-0E01-4C3A-9CB2-154DA40EC9ED}"
EndProject
Global
	GlobalSection(SolutionConfigurationPlatforms) = preSolution
		Debug|Any CPU = Debug|Any CPU
		Release|Any CPU = Release|Any CPU
	EndGlobalSection
	GlobalSection(ProjectConfigurationPlatforms) = postSolution
		{C2E8A7EE-49CB-4704-88C2-ABC77CB5D191}.Debug|Any CPU.ActiveCfg = Debug|Any CPU
		{C2E8A7EE-49CB-4704-88C2-ABC77CB5D191}.Debug|Any CPU.Build.0 = Debug|Any CPU
		{C2E8A7EE-49CB-4704-88C2-ABC77CB5D191}.Release|Any CPU.ActiveCfg = Release|Any CPU
		{C2E8A7EE-49CB-4704-88C2-ABC77CB5D191}.Release|Any CPU.Build.0 = Release|Any CPU
		{360CCDAF-0E01-4C3A-9CB2-154DA40EC9ED}.Debug|Any CPU.ActiveCfg = Debug|Any CPU
		{360CCDAF-0E01-4C3A-9CB2-154DA40EC9ED}.Debug|Any CPU.Build.0 = Debug|Any CPU
		{360CCDAF-0E01-4C3A-9CB2-154DA40EC9ED}.Release|Any CPU.ActiveCfg = Release|Any CPU
		{360CCDAF-0E01-4C3A-9CB2-154DA40EC9ED}.Release|Any CPU.Build.0 = Release|Any CPU
	EndGlobalSection
	GlobalSection(SolutionProperties) = preSolution
		HideSolutionNode = FALSE
	EndGlobalSection
EndGlobal
